
Microsoft Visual Studio Solution File, Format Version 12.00
# Visual Studio Version 17
VisualStudioVersion = 17.8.34511.84
MinimumVisualStudioVersion = 10.0.40219.1
Project("{FAE04EC0-301F-11D3-BF4B-00C04F79EFBC}") = "Event_Management_System", "Event_Management_System\Event_Management_System.csproj", "{BD065AE6-4A83-4536-B42D-3DE7FC41261C}"
EndProject
Global
	GlobalSection(SolutionConfigurationPlatforms) = preSolution
		Debug|Any CPU = Debug|Any CPU
		Release|Any CPU = Release|Any CPU
	EndGlobalSection
	GlobalSection(ProjectConfigurationPlatforms) = postSolution
		{BD065AE6-4A83-4536-B42D-3DE7FC41261C}.Debug|Any CPU.ActiveCfg = Debug|Any CPU
		{BD065AE6-4A83-4536-B42D-3DE7FC41261C}.Debug|Any CPU.Build.0 = Debug|Any CPU
		{BD065AE6-4A83-4536-B42D-3DE7FC41261C}.Release|Any CPU.ActiveCfg = Release|Any CPU
		{BD065AE6-4A83-4536-B42D-3DE7FC41261C}.Release|Any CPU.Build.0 = Release|Any CPU
	EndGlobalSection
	GlobalSection(SolutionProperties) = preSolution
		HideSolutionNode = FALSE
	EndGlobalSection
	GlobalSection(ExtensibilityGlobals) = postSolution
		SolutionGuid = {F4E4F43A-D440-438A-BD1C-8CC3DB433C60}
	EndGlobalSection
EndGlobal
